# THIS IS AN AUTOGENERATED FILE. DO NOT EDIT THIS FILE DIRECTLY.
# yarn lockfile v1


acorn@^4.0.3:
  version "4.0.13"
  resolved "https://registry.yarnpkg.com/acorn/-/acorn-4.0.13.tgz#105495ae5361d697bd195c825192e1ad7f253787"

ast-module-types@^2.3.2:
  version "2.3.2"
  resolved "https://registry.yarnpkg.com/ast-module-types/-/ast-module-types-2.3.2.tgz#4bb1de2d729678824429e22a628d03e87df4ad11"

ast-types@0.9.11:
  version "0.9.11"
  resolved "https://registry.yarnpkg.com/ast-types/-/ast-types-0.9.11.tgz#371177bb59232ff5ceaa1d09ee5cad705b1a5aa9"

babylon@^6.17.0:
  version "6.18.0"
  resolved "https://registry.yarnpkg.com/babylon/-/babylon-6.18.0.tgz#af2f3b88fa6f5c1e4c634d1a0f8eac4f55b395e3"

core-js@^2.4.1:
  version "2.5.1"
  resolved "https://registry.yarnpkg.com/core-js/-/core-js-2.5.1.tgz#ae6874dc66937789b80754ff5428df66819ca50b"

defined@^1.0.0:
  version "1.0.0"
  resolved "https://registry.yarnpkg.com/defined/-/defined-1.0.0.tgz#c98d9bcef75674188e110969151199e39b1fa693"

detective@^4.5.0:
  version "4.5.0"
  resolved "https://registry.yarnpkg.com/detective/-/detective-4.5.0.tgz#6e5a8c6b26e6c7a254b1c6b6d7490d98ec91edd1"
  dependencies:
    acorn "^4.0.3"
    defined "^1.0.0"

esprima@^4.0.0, esprima@~4.0.0:
  version "4.0.0"
  resolved "https://registry.yarnpkg.com/esprima/-/esprima-4.0.0.tgz#4499eddcd1110e0b218bacf2fa7f7f59f55ca804"

node-source-walk@^3.3.0:
  version "3.3.0"
  resolved "https://registry.yarnpkg.com/node-source-walk/-/node-source-walk-3.3.0.tgz#ad18e35bfdb3d0b6f7e0e4aff1e78f846a3b8873"
  dependencies:
    babylon "^6.17.0"

private@~0.1.5:
  version "0.1.7"
  resolved "https://registry.yarnpkg.com/private/-/private-0.1.7.tgz#68ce5e8a1ef0a23bb570cc28537b5332aba63ef1"

recast@^0.12.6:
  version "0.12.6"
  resolved "https://registry.yarnpkg.com/recast/-/recast-0.12.6.tgz#4b0fb82feb1d10b3bd62d34943426d9b3ed30d4c"
  dependencies:
    ast-types "0.9.11"
    core-js "^2.4.1"
    esprima "~4.0.0"
    private "~0.1.5"
    source-map "~0.5.0"

source-map@~0.5.0:
  version "0.5.7"
  resolved "https://registry.yarnpkg.com/source-map/-/source-map-0.5.7.tgz#8a039d2d1021d22d1ea14c80d8ea468ba2ef3fcc"
